GEM
  remote: https://rubygems.org/
  specs:
    activesupport (5.0.1)
      concurrent-ruby (~> 1.0, >= 1.0.2)
      i18n (~> 0.7)
      minitest (~> 5.1)
      tzinfo (~> 1.1)
    addressable (2.5.0)
      public_suffix (~> 2.0, >= 2.0.2)
    capybara (2.11.0)
      addressable
      mime-types (>= 1.16)
      nokogiri (>= 1.3.3)
      rack (>= 1.0.0)
      rack-test (>= 0.5.4)
      xpath (~> 2.0)
    coderay (1.1.1)
    concurrent-ruby (1.0.2)
    connection_pool (2.2.1)
    crack (0.4.3)
      safe_yaml (~> 1.0.0)
    database_cleaner (1.5.3)
    diff-lcs (1.2.5)
    docile (1.1.5)
    dotenv (2.1.1)
    dry-configurable (0.4.0)
      concurrent-ruby (~> 1.0)
    dry-container (0.6.0)
      concurrent-ruby (~> 1.0)
      dry-configurable (~> 0.1, >= 0.1.3)
    dry-core (0.2.1)
      concurrent-ruby (~> 1.0)
    dry-equalizer (0.2.0)
    dry-logic (0.4.0)
      dry-container (~> 0.2, >= 0.2.6)
      dry-core (~> 0.1)
      dry-equalizer (~> 0.2)
    dry-types (0.9.3)
      concurrent-ruby (~> 1.0)
      dry-configurable (~> 0.1)
      dry-container (~> 0.3)
      dry-core (~> 0.2, >= 0.2.1)
      dry-equalizer (~> 0.2)
      dry-logic (~> 0.4, >= 0.4.0)
      inflecto (~> 0.0.0, >= 0.0.2)
    dry-validation (0.10.4)
      concurrent-ruby (~> 1.0)
      dry-configurable (~> 0.1, >= 0.1.3)
      dry-container (~> 0.2, >= 0.2.8)
      dry-core (~> 0.2, >= 0.2.1)
      dry-equalizer (~> 0.2)
      dry-logic (~> 0.4, >= 0.4.0)
      dry-types (~> 0.9, >= 0.9.0)
    facebook-messenger (0.11.1)
      httparty (~> 0.13, >= 0.13.7)
      rack (>= 1.6.4)
    factory_girl (4.8.0)
      activesupport (>= 3.0.0)
    faraday (0.11.0)
      multipart-post (>= 1.2, < 3)
    foreman (0.83.0)
      thor (~> 0.19.1)
    hanami (0.9.1)
      bundler (~> 1.13)
      concurrent-ruby (~> 1.0)
      hanami-assets (~> 0.4)
      hanami-controller (~> 0.8)
      hanami-helpers (~> 0.5)
      hanami-mailer (~> 0.4)
      hanami-router (~> 0.8, >= 0.8.1)
      hanami-utils (~> 0.9)
      hanami-validations (~> 0.7)
      hanami-view (~> 0.8)
      thor (~> 0.19)
    hanami-assets (0.4.0)
      hanami-helpers (~> 0.5)
      hanami-utils (~> 0.9)
      tilt (~> 2.0, >= 2.0.2)
    hanami-bootstrap (0.3.0)
      hanami-assets (~> 0.2)
    hanami-controller (0.8.0)
      hanami-utils (~> 0.9)
      rack (~> 1.6, >= 1.6.2)
    hanami-helpers (0.5.0)
      hanami-utils (~> 0.9)
    hanami-mailer (0.4.0)
      hanami-utils (~> 0.9)
      mail (~> 2.5)
      tilt (~> 2.0, >= 2.0.1)
    hanami-model (0.7.0)
      concurrent-ruby (~> 1.0)
      dry-types (~> 0.9)
      hanami-utils (~> 0.8)
      rom-repository (~> 0.3)
      rom-sql (~> 0.9)
    hanami-router (0.8.1)
      hanami-utils (~> 0.9, >= 0.9.1)
      http_router (~> 0.11)
      rack (~> 1.6)
    hanami-utils (0.9.1)
    hanami-validations (0.7.1)
      dry-validation (~> 0.10)
      hanami-utils (~> 0.9)
    hanami-view (0.8.0)
      hanami-utils (~> 0.9)
      tilt (~> 2.0, >= 2.0.1)
    hashdiff (0.3.2)
    http_router (0.11.2)
      rack (>= 1.0.0)
      url_mount (~> 0.2.1)
    httparty (0.14.0)
      multi_xml (>= 0.5.2)
    i18n (0.7.0)
    inflecto (0.0.2)
    json (2.1.0)
    mail (2.6.4)
      mime-types (>= 1.16, < 4)
    method_source (0.8.2)
    mime-types (3.1)
      mime-types-data (~> 3.2015)
    mime-types-data (3.2016.0521)
    mini_portile2 (2.1.0)
    minitest (5.10.1)
    multi_xml (0.6.0)
    multipart-post (2.0.0)
    nokogiri (1.6.8.1)
      mini_portile2 (~> 2.1.0)
    pg (0.19.0)
    pry (0.10.4)
      coderay (~> 1.1.0)
      method_source (~> 0.8.1)
      slop (~> 3.4)
    public_suffix (2.0.4)
    rack (1.6.5)
    rack-test (0.6.3)
      rack (>= 1.0)
    rake (12.0.0)
    rb-readline (0.5.5)
    redis (3.3.2)
    rom (2.0.2)
      concurrent-ruby (~> 1.0)
      dry-equalizer (~> 0.2)
      dry-types (~> 0.8)
      rom-mapper (~> 0.4.0)
      rom-support (~> 2.0)
    rom-mapper (0.4.0)
      dry-equalizer (~> 0.2)
      rom-support (~> 2.0.0)
      transproc (~> 0.4.0)
    rom-repository (0.3.1)
      rom (~> 2.0)
      rom-mapper (~> 0.4)
      rom-support (~> 2.0)
    rom-sql (0.9.0)
      dry-core (~> 0.2)
      dry-equalizer (~> 0.2)
      dry-types (~> 0.9)
      rom (~> 2.0)
      rom-support (~> 2.0)
      sequel (~> 4.25)
    rom-support (2.0.0)
      concurrent-ruby (~> 1.0)
      dry-equalizer (~> 0.2)
      transproc (~> 0.4.0)
      wisper (~> 1.6, >= 1.6.0)
    rspec (3.5.0)
      rspec-core (~> 3.5.0)
      rspec-expectations (~> 3.5.0)
      rspec-mocks (~> 3.5.0)
    rspec-core (3.5.4)
      rspec-support (~> 3.5.0)
    rspec-expectations (3.5.0)
      diff-lcs (>= 1.2.0, < 2.0)
      rspec-support (~> 3.5.0)
    rspec-mocks (3.5.0)
      diff-lcs (>= 1.2.0, < 2.0)
      rspec-support (~> 3.5.0)
    rspec-support (3.5.0)
    safe_yaml (1.0.4)
    sequel (4.41.0)
    shotgun (0.9.2)
      rack (>= 1.0)
    sidekiq (4.0.2)
      concurrent-ruby (~> 1.0)
      connection_pool (~> 2.2, >= 2.2.0)
      redis (~> 3.2, >= 3.2.1)
    simplecov (0.15.0)
      docile (~> 1.1.0)
      json (>= 1.8, < 3)
      simplecov-html (~> 0.10.0)
    simplecov-html (0.10.2)
    slim (3.0.7)
      temple (~> 0.7.6)
      tilt (>= 1.3.3, < 2.1)
    slop (3.6.0)
    temple (0.7.7)
    thor (0.19.4)
    thread_safe (0.3.5)
    tilt (2.0.5)
    transproc (0.4.1)
    tzinfo (1.2.2)
      thread_safe (~> 0.1)
    url_mount (0.2.1)
      rack
    vcr (3.0.3)
    webmock (2.3.2)
      addressable (>= 2.3.6)
      crack (>= 0.3.2)
      hashdiff
    wisper (1.6.1)
    wit (4.1.0)
    workable (2.1.0)
    xpath (2.0.0)
      nokogiri (~> 1.3)

PLATFORMS
  ruby

DEPENDENCIES
  bundler
  capybara
  database_cleaner
  dotenv (~> 2.0)
  facebook-messenger
  factory_girl
  faraday
  foreman
  hanami (~> 0.9)
  hanami-assets
  hanami-bootstrap
  hanami-controller
  hanami-model (~> 0.7)
  hanami-view
  i18n
  nokogiri
  pg
  pry
  rake
  rb-readline
  rspec
  shotgun
  sidekiq (~> 4.0.2)
  simplecov
  slim
  vcr
  webmock
  wit
  workable (~> 2.1.0)

RUBY VERSION
   ruby 2.3.3p222

BUNDLED WITH
   1.14.6
